
Microsoft Visual Studio Solution File, Format Version 12.00
# Visual Studio Version 16
VisualStudioVersion = 16.0.30011.22
MinimumVisualStudioVersion = 10.0.40219.1
Project("{FAE04EC0-301F-11D3-BF4B-00C04F79EFBC}") = "TMS.WebUI", "TMS.WebUI.csproj", "{341B1D12-F404-4733-80AB-5433CE7DB386}"
EndProject
Global
	GlobalSection(SolutionConfigurationPlatforms) = preSolution
		Debug|Any CPU = Debug|Any CPU
		Release|Any CPU = Release|Any CPU
	EndGlobalSection
	GlobalSection(ProjectConfigurationPlatforms) = postSolution
		{341B1D12-F404-4733-80AB-5433CE7DB386}.Debug|Any CPU.ActiveCfg = Debug|Any CPU
		{341B1D12-F404-4733-80AB-5433CE7DB386}.Debug|Any CPU.Build.0 = Debug|Any CPU
		{341B1D12-F404-4733-80AB-5433CE7DB386}.Release|Any CPU.ActiveCfg = Release|Any CPU
		{341B1D12-F404-4733-80AB-5433CE7DB386}.Release|Any CPU.Build.0 = Release|Any CPU
	EndGlobalSection
	GlobalSection(SolutionProperties) = preSolution
		HideSolutionNode = FALSE
	EndGlobalSection
	GlobalSection(ExtensibilityGlobals) = postSolution
		SolutionGuid = {33580EF5-FC31-4FE2-9B42-0FB58467D31A}
	EndGlobalSection
EndGlobal
